
Microsoft Visual Studio Solution File, Format Version 12.00
# Visual Studio Version 17
VisualStudioVersion = 17.8.34330.188
MinimumVisualStudioVersion = 10.0.40219.1
Project("{9A19103F-16F7-4668-BE54-9A1E7A4F7556}") = "CadastroProdutoAPI", "CadastroProdutoAPI\CadastroProdutoAPI.csproj", "{2DD4F35F-DD32-4779-B50E-2767652E680B}"
EndProject
Project("{2150E333-8FDC-42A3-9474-1A3956D46DE8}") = "Itens de Solução", "Itens de Solução", "{483ABA8B-A37B-44C4-89DC-9ADD8E6BD2D2}"
	ProjectSection(SolutionItems) = preProject
		.gitignore = .gitignore
	EndProjectSection
EndProject
Global
	GlobalSection(SolutionConfigurationPlatforms) = preSolution
		Debug|Any CPU = Debug|Any CPU
		Release|Any CPU = Release|Any CPU
	EndGlobalSection
	GlobalSection(ProjectConfigurationPlatforms) = postSolution
		{2DD4F35F-DD32-4779-B50E-2767652E680B}.Debug|Any CPU.ActiveCfg = Debug|Any CPU
		{2DD4F35F-DD32-4779-B50E-2767652E680B}.Debug|Any CPU.Build.0 = Debug|Any CPU
		{2DD4F35F-DD32-4779-B50E-2767652E680B}.Release|Any CPU.ActiveCfg = Release|Any CPU
		{2DD4F35F-DD32-4779-B50E-2767652E680B}.Release|Any CPU.Build.0 = Release|Any CPU
	EndGlobalSection
	GlobalSection(SolutionProperties) = preSolution
		HideSolutionNode = FALSE
	EndGlobalSection
	GlobalSection(ExtensibilityGlobals) = postSolution
		SolutionGuid = {4F3087F7-F8E7-4AE6-A588-915EBEC56B5B}
	EndGlobalSection
EndGlobal
